// !$*UTF8*$!
{
	archiveVersion = 1;
	classes = {
	};
	objectVersion = 50;
	objects = {

/* Begin PBXBuildFile section */
		58CD738122A046C900775388 /* AppDelegate.swift in Sources */ = {isa = PBXBuildFile; fileRef = 58CD738022A046C900775388 /* AppDelegate.swift */; };
		58CD738322A046C900775388 /* ViewController.swift in Sources */ = {isa = PBXBuildFile; fileRef = 58CD738222A046C900775388 /* ViewController.swift */; };
		58CD738622A046C900775388 /* Main.storyboard in Resources */ = {isa = PBXBuildFile; fileRef = 58CD738422A046C900775388 /* Main.storyboard */; };
		58CD738822A046CA00775388 /* Assets.xcassets in Resources */ = {isa = PBXBuildFile; fileRef = 58CD738722A046CA00775388 /* Assets.xcassets */; };
		58CD738B22A046CA00775388 /* LaunchScreen.storyboard in Resources */ = {isa = PBXBuildFile; fileRef = 58CD738922A046CA00775388 /* LaunchScreen.storyboard */; };
		58CD739622A0474B00775388 /* ApiHandler.swift in Sources */ = {isa = PBXBuildFile; fileRef = 58CD739522A0474B00775388 /* ApiHandler.swift */; };
		58CD739822A047A100775388 /* Constants.swift in Sources */ = {isa = PBXBuildFile; fileRef = 58CD739722A047A100775388 /* Constants.swift */; };
		58FE636B22A158530005A157 /* HomeModel.swift in Sources */ = {isa = PBXBuildFile; fileRef = 58FE636A22A158530005A157 /* HomeModel.swift */; };
		58FE636D22A1600B0005A157 /* CellWithCollectionView.swift in Sources */ = {isa = PBXBuildFile; fileRef = 58FE636C22A1600B0005A157 /* CellWithCollectionView.swift */; };
/* End PBXBuildFile section */

/* Begin PBXFileReference section */
		58CD737D22A046C900775388 /* MachineTestCodeBrew.app */ = {isa = PBXFileReference; explicitFileType = wrapper.application; includeInIndex = 0; path = MachineTestCodeBrew.app; sourceTree = BUILT_PRODUCTS_DIR; };
		58CD738022A046C900775388 /* AppDelegate.swift */ = {isa = PBXFileReference; lastKnownFileType = sourcecode.swift; path = AppDelegate.swift; sourceTree = "<group>"; };
		58CD738222A046C900775388 /* ViewController.swift */ = {isa = PBXFileReference; lastKnownFileType = sourcecode.swift; path = ViewController.swift; sourceTree = "<group>"; };
		58CD738522A046C900775388 /* Base */ = {isa = PBXFileReference; lastKnownFileType = file.storyboard; name = Base; path = Base.lproj/Main.storyboard; sourceTree = "<group>"; };
		58CD738722A046CA00775388 /* Assets.xcassets */ = {isa = PBXFileReference; lastKnownFileType = folder.assetcatalog; path = Assets.xcassets; sourceTree = "<group>"; };
		58CD738A22A046CA00775388 /* Base */ = {isa = PBXFileReference; lastKnownFileType = file.storyboard; name = Base; path = Base.lproj/LaunchScreen.storyboard; sourceTree = "<group>"; };
		58CD738C22A046CA00775388 /* Info.plist */ = {isa = PBXFileReference; lastKnownFileType = text.plist.xml; path = Info.plist; sourceTree = "<group>"; };
		58CD739522A0474B00775388 /* ApiHandler.swift */ = {isa = PBXFileReference; lastKnownFileType = sourcecode.swift; path = ApiHandler.swift; sourceTree = "<group>"; };
		58CD739722A047A100775388 /* Constants.swift */ = {isa = PBXFileReference; lastKnownFileType = sourcecode.swift; path = Constants.swift; sourceTree = "<group>"; };
		58FE636622A153E10005A157 /* MachineTestCodeBrew-Bridging-Header.h */ = {isa = PBXFileReference; lastKnownFileType = sourcecode.c.h; path = "MachineTestCodeBrew-Bridging-Header.h"; sourceTree = "<group>"; };
		58FE636A22A158530005A157 /* HomeModel.swift */ = {isa = PBXFileReference; lastKnownFileType = sourcecode.swift; path = HomeModel.swift; sourceTree = "<group>"; };
		58FE636C22A1600B0005A157 /* CellWithCollectionView.swift */ = {isa = PBXFileReference; lastKnownFileType = sourcecode.swift; path = CellWithCollectionView.swift; sourceTree = "<group>"; };
/* End PBXFileReference section */

/* Begin PBXFrameworksBuildPhase section */
		58CD737A22A046C900775388 /* Frameworks */ = {
			isa = PBXFrameworksBuildPhase;
			buildActionMask = 2147483647;
			files = (
			);
			runOnlyForDeploymentPostprocessing = 0;
		};
/* End PBXFrameworksBuildPhase section */

/* Begin PBXGroup section */
		58CD737422A046C900775388 = {
			isa = PBXGroup;
			children = (
				58CD737F22A046C900775388 /* MachineTestCodeBrew */,
				58CD737E22A046C900775388 /* Products */,
			);
			sourceTree = "<group>";
		};
		58CD737E22A046C900775388 /* Products */ = {
			isa = PBXGroup;
			children = (
				58CD737D22A046C900775388 /* MachineTestCodeBrew.app */,
			);
			name = Products;
			sourceTree = "<group>";
		};
		58CD737F22A046C900775388 /* MachineTestCodeBrew */ = {
			isa = PBXGroup;
			children = (
				58FE636522A153D60005A157 /* HelperClass */,
				58CD739422A046FA00775388 /* Controller */,
				58CD739322A046E500775388 /* View */,
				58CD739222A046D400775388 /* Model */,
				58CD738022A046C900775388 /* AppDelegate.swift */,
				58CD738722A046CA00775388 /* Assets.xcassets */,
				58CD738C22A046CA00775388 /* Info.plist */,
				58CD739522A0474B00775388 /* ApiHandler.swift */,
				58CD739722A047A100775388 /* Constants.swift */,
			);
			path = MachineTestCodeBrew;
			sourceTree = "<group>";
		};
		58CD739222A046D400775388 /* Model */ = {
			isa = PBXGroup;
			children = (
				58FE636A22A158530005A157 /* HomeModel.swift */,
			);
			path = Model;
			sourceTree = "<group>";
		};
		58CD739322A046E500775388 /* View */ = {
			isa = PBXGroup;
			children = (
				58CD738422A046C900775388 /* Main.storyboard */,
				58CD738922A046CA00775388 /* LaunchScreen.storyboard */,
				58FE636C22A1600B0005A157 /* CellWithCollectionView.swift */,
			);
			path = View;
			sourceTree = "<group>";
		};
		58CD739422A046FA00775388 /* Controller */ = {
			isa = PBXGroup;
			children = (
				58CD738222A046C900775388 /* ViewController.swift */,
			);
			path = Controller;
			sourceTree = "<group>";
		};
		58FE636522A153D60005A157 /* HelperClass */ = {
			isa = PBXGroup;
			children = (
				58FE636622A153E10005A157 /* MachineTestCodeBrew-Bridging-Header.h */,
			);
			path = HelperClass;
			sourceTree = "<group>";
		};
/* End PBXGroup section */

/* Begin PBXNativeTarget section */
		58CD737C22A046C900775388 /* MachineTestCodeBrew */ = {
			isa = PBXNativeTarget;
			buildConfigurationList = 58CD738F22A046CA00775388 /* Build configuration list for PBXNativeTarget "MachineTestCodeBrew" */;
			buildPhases = (
				58CD737922A046C900775388 /* Sources */,
				58CD737A22A046C900775388 /* Frameworks */,
				58CD737B22A046C900775388 /* Resources */,
			);
			buildRules = (
			);
			dependencies = (
			);
			name = MachineTestCodeBrew;
			productName = MachineTestCodeBrew;
			productReference = 58CD737D22A046C900775388 /* MachineTestCodeBrew.app */;
			productType = "com.apple.product-type.application";
		};
/* End PBXNativeTarget section */

/* Begin PBXProject section */
		58CD737522A046C900775388 /* Project object */ = {
			isa = PBXProject;
			attributes = {
				LastSwiftUpdateCheck = 1020;
				LastUpgradeCheck = 1020;
				ORGANIZATIONNAME = "Varender Singh";
				TargetAttributes = {
					58CD737C22A046C900775388 = {
						CreatedOnToolsVersion = 10.2.1;
						LastSwiftMigration = 1020;
					};
				};
			};
			buildConfigurationList = 58CD737822A046C900775388 /* Build configuration list for PBXProject "MachineTestCodeBrew" */;
			compatibilityVersion = "Xcode 9.3";
			developmentRegion = en;
			hasScannedForEncodings = 0;
			knownRegions = (
				en,
				Base,
			);
			mainGroup = 58CD737422A046C900775388;
			productRefGroup = 58CD737E22A046C900775388 /* Products */;
			projectDirPath = "";
			projectRoot = "";
			targets = (
				58CD737C22A046C900775388 /* MachineTestCodeBrew */,
			);
		};
/* End PBXProject section */

/* Begin PBXResourcesBuildPhase section */
		58CD737B22A046C900775388 /* Resources */ = {
			isa = PBXResourcesBuildPhase;
			buildActionMask = 2147483647;
			files = (
				58CD738B22A046CA00775388 /* LaunchScreen.storyboard in Resources */,
				58CD738822A046CA00775388 /* Assets.xcassets in Resources */,
				58CD738622A046C900775388 /* Main.storyboard in Resources */,
			);
			runOnlyForDeploymentPostprocessing = 0;
		};
/* End PBXResourcesBuildPhase section */

/* Begin PBXSourcesBuildPhase section */
		58CD737922A046C900775388 /* Sources */ = {
			isa = PBXSourcesBuildPhase;
			buildActionMask = 2147483647;
			files = (
				58CD738322A046C900775388 /* ViewController.swift in Sources */,
				58CD739622A0474B00775388 /* ApiHandler.swift in Sources */,
				58CD738122A046C900775388 /* AppDelegate.swift in Sources */,
				58FE636B22A158530005A157 /* HomeModel.swift in Sources */,
				58FE636D22A1600B0005A157 /* CellWithCollectionView.swift in Sources */,
				58CD739822A047A100775388 /* Constants.swift in Sources */,
			);
			runOnlyForDeploymentPostprocessing = 0;
		};
/* End PBXSourcesBuildPhase section */

/* Begin PBXVariantGroup section */
		58CD738422A046C900775388 /* Main.storyboard */ = {
			isa = PBXVariantGroup;
			children = (
				58CD738522A046C900775388 /* Base */,
			);
			name = Main.storyboard;
			sourceTree = "<group>";
		};
		58CD738922A046CA00775388 /* LaunchScreen.storyboard */ = {
			isa = PBXVariantGroup;
			children = (
				58CD738A22A046CA00775388 /* Base */,
			);
			name = LaunchScreen.storyboard;
			sourceTree = "<group>";
		};
/* End PBXVariantGroup section */

/* Begin XCBuildConfiguration section */
		58CD738D22A046CA00775388 /* Debug */ = {
			isa = XCBuildConfiguration;
			buildSettings = {
				ALWAYS_SEARCH_USER_PATHS = NO;
				CLANG_ANALYZER_NONNULL = YES;
				CLANG_ANALYZER_NUMBER_OBJECT_CONVERSION = YES_AGGRESSIVE;
				CLANG_CXX_LANGUAGE_STANDARD = "gnu++14";
				CLANG_CXX_LIBRARY = "libc++";
				CLANG_ENABLE_MODULES = YES;
				CLANG_ENABLE_OBJC_ARC = YES;
				CLANG_ENABLE_OBJC_WEAK = YES;
				CLANG_WARN_BLOCK_CAPTURE_AUTORELEASING = YES;
				CLANG_WARN_BOOL_CONVERSION = YES;
				CLANG_WARN_COMMA = YES;
				CLANG_WARN_CONSTANT_CONVERSION = YES;
				CLANG_WARN_DEPRECATED_OBJC_IMPLEMENTATIONS = YES;
				CLANG_WARN_DIRECT_OBJC_ISA_USAGE = YES_ERROR;
				CLANG_WARN_DOCUMENTATION_COMMENTS = YES;
				CLANG_WARN_EMPTY_BODY = YES;
				CLANG_WARN_ENUM_CONVERSION = YES;
				CLANG_WARN_INFINITE_RECURSION = YES;
				CLANG_WARN_INT_CONVERSION = YES;
				CLANG_WARN_NON_LITERAL_NULL_CONVERSION = YES;
				CLANG_WARN_OBJC_IMPLICIT_RETAIN_SELF = YES;
				CLANG_WARN_OBJC_LITERAL_CONVERSION = YES;
				CLANG_WARN_OBJC_ROOT_CLASS = YES_ERROR;
				CLANG_WARN_RANGE_LOOP_ANALYSIS = YES;
				CLANG_WARN_STRICT_PROTOTYPES = YES;
				CLANG_WARN_SUSPICIOUS_MOVE = YES;
				CLANG_WARN_UNGUARDED_AVAILABILITY = YES_AGGRESSIVE;
				CLANG_WARN_UNREACHABLE_CODE = YES;
				CLANG_WARN__DUPLICATE_METHOD_MATCH = YES;
				CODE_SIGN_IDENTITY = "iPhone Developer";
				COPY_PHASE_STRIP = NO;
				DEBUG_INFORMATION_FORMAT = dwarf;
				ENABLE_STRICT_OBJC_MSGSEND = YES;
				ENABLE_TESTABILITY = YES;
				GCC_C_LANGUAGE_STANDARD = gnu11;
				GCC_DYNAMIC_NO_PIC = NO;
				GCC_NO_COMMON_BLOCKS = YES;
				GCC_OPTIMIZATION_LEVEL = 0;
				GCC_PREPROCESSOR_DEFINITIONS = (
					"DEBUG=1",
					"$(inherited)",
				);
				GCC_WARN_64_TO_32_BIT_CONVERSION = YES;
				GCC_WARN_ABOUT_RETURN_TYPE = YES_ERROR;
				GCC_WARN_UNDECLARED_SELECTOR = YES;
				GCC_WARN_UNINITIALIZED_AUTOS = YES_AGGRESSIVE;
				GCC_WARN_UNUSED_FUNCTION = YES;
				GCC_WARN_UNUSED_VARIABLE = YES;
				IPHONEOS_DEPLOYMENT_TARGET = 12.2;
				MTL_ENABLE_DEBUG_INFO = INCLUDE_SOURCE;
				MTL_FAST_MATH = YES;
				ONLY_ACTIVE_ARCH = YES;
				SDKROOT = iphoneos;
				SWIFT_ACTIVE_COMPILATION_CONDITIONS = DEBUG;
				SWIFT_OPTIMIZATION_LEVEL = "-Onone";
			};
			name = Debug;
		};
		58CD738E22A046CA00775388 /* Release */ = {
			isa = XCBuildConfiguration;
			buildSettings = {
				ALWAYS_SEARCH_USER_PATHS = NO;
				CLANG_ANALYZER_NONNULL = YES;
				CLANG_ANALYZER_NUMBER_OBJECT_CONVERSION = YES_AGGRESSIVE;
				CLANG_CXX_LANGUAGE_STANDARD = "gnu++14";
				CLANG_CXX_LIBRARY = "libc++";
				CLANG_ENABLE_MODULES = YES;
				CLANG_ENABLE_OBJC_ARC = YES;
				CLANG_ENABLE_OBJC_WEAK = YES;
				CLANG_WARN_BLOCK_CAPTURE_AUTORELEASING = YES;
				CLANG_WARN_BOOL_CONVERSION = YES;
				CLANG_WARN_COMMA = YES;
				CLANG_WARN_CONSTANT_CONVERSION = YES;
				CLANG_WARN_DEPRECATED_OBJC_IMPLEMENTATIONS = YES;
				CLANG_WARN_DIRECT_OBJC_ISA_USAGE = YES_ERROR;
				CLANG_WARN_DOCUMENTATION_COMMENTS = YES;
				CLANG_WARN_EMPTY_BODY = YES;
				CLANG_WARN_ENUM_CONVERSION = YES;
				CLANG_WARN_INFINITE_RECURSION = YES;
				CLANG_WARN_INT_CONVERSION = YES;
				CLANG_WARN_NON_LITERAL_NULL_CONVERSION = YES;
				CLANG_WARN_OBJC_IMPLICIT_RETAIN_SELF = YES;
				CLANG_WARN_OBJC_LITERAL_CONVERSION = YES;
				CLANG_WARN_OBJC_ROOT_CLASS = YES_ERROR;
				CLANG_WARN_RANGE_LOOP_ANALYSIS = YES;
				CLANG_WARN_STRICT_PROTOTYPES = YES;
				CLANG_WARN_SUSPICIOUS_MOVE = YES;
				CLANG_WARN_UNGUARDED_AVAILABILITY = YES_AGGRESSIVE;
				CLANG_WARN_UNREACHABLE_CODE = YES;
				CLANG_WARN__DUPLICATE_METHOD_MATCH = YES;
				CODE_SIGN_IDENTITY = "iPhone Developer";
				COPY_PHASE_STRIP = NO;
				DEBUG_INFORMATION_FORMAT = "dwarf-with-dsym";
				ENABLE_NS_ASSERTIONS = NO;
				ENABLE_STRICT_OBJC_MSGSEND = YES;
				GCC_C_LANGUAGE_STANDARD = gnu11;
				GCC_NO_COMMON_BLOCKS = YES;
				GCC_WARN_64_TO_32_BIT_CONVERSION = YES;
				GCC_WARN_ABOUT_RETURN_TYPE = YES_ERROR;
				GCC_WARN_UNDECLARED_SELECTOR = YES;
				GCC_WARN_UNINITIALIZED_AUTOS = YES_AGGRESSIVE;
				GCC_WARN_UNUSED_FUNCTION = YES;
				GCC_WARN_UNUSED_VARIABLE = YES;
				IPHONEOS_DEPLOYMENT_TARGET = 12.2;
				MTL_ENABLE_DEBUG_INFO = NO;
				MTL_FAST_MATH = YES;
				SDKROOT = iphoneos;
				SWIFT_COMPILATION_MODE = wholemodule;
				SWIFT_OPTIMIZATION_LEVEL = "-O";
				VALIDATE_PRODUCT = YES;
			};
			name = Release;
		};
		58CD739022A046CA00775388 /* Debug */ = {
			isa = XCBuildConfiguration;
			buildSettings = {
				ASSETCATALOG_COMPILER_APPICON_NAME = AppIcon;
				CLANG_ENABLE_MODULES = YES;
				CODE_SIGN_STYLE = Automatic;
				DEVELOPMENT_TEAM = JSK2M8PGB8;
				INFOPLIST_FILE = MachineTestCodeBrew/Info.plist;
				LD_RUNPATH_SEARCH_PATHS = (
					"$(inherited)",
					"@executable_path/Frameworks",
				);
				PRODUCT_BUNDLE_IDENTIFIER = NoOrganization.MachineTestCodeBrew;
				PRODUCT_NAME = "$(TARGET_NAME)";
				SWIFT_OBJC_BRIDGING_HEADER = "MachineTestCodeBrew/HelperClass/MachineTestCodeBrew-Bridging-Header.h";
				SWIFT_OPTIMIZATION_LEVEL = "-Onone";
				SWIFT_VERSION = 5.0;
				TARGETED_DEVICE_FAMILY = "1,2";
			};
			name = Debug;
		};
		58CD739122A046CA00775388 /* Release */ = {
			isa = XCBuildConfiguration;
			buildSettings = {
				ASSETCATALOG_COMPILER_APPICON_NAME = AppIcon;
				CLANG_ENABLE_MODULES = YES;
				CODE_SIGN_STYLE = Automatic;
				DEVELOPMENT_TEAM = JSK2M8PGB8;
				INFOPLIST_FILE = MachineTestCodeBrew/Info.plist;
				LD_RUNPATH_SEARCH_PATHS = (
					"$(inherited)",
					"@executable_path/Frameworks",
				);
				PRODUCT_BUNDLE_IDENTIFIER = NoOrganization.MachineTestCodeBrew;
				PRODUCT_NAME = "$(TARGET_NAME)";
				SWIFT_OBJC_BRIDGING_HEADER = "MachineTestCodeBrew/HelperClass/MachineTestCodeBrew-Bridging-Header.h";
				SWIFT_VERSION = 5.0;
				TARGETED_DEVICE_FAMILY = "1,2";
			};
			name = Release;
		};
/* End XCBuildConfiguration section */

/* Begin XCConfigurationList section */
		58CD737822A046C900775388 /* Build configuration list for PBXProject "MachineTestCodeBrew" */ = {
			isa = XCConfigurationList;
			buildConfigurations = (
				58CD738D22A046CA00775388 /* Debug */,
				58CD738E22A046CA00775388 /* Release */,
			);
			defaultConfigurationIsVisible = 0;
			defaultConfigurationName = Release;
		};
		58CD738F22A046CA00775388 /* Build configuration list for PBXNativeTarget "MachineTestCodeBrew" */ = {
			isa = XCConfigurationList;
			buildConfigurations = (
				58CD739022A046CA00775388 /* Debug */,
				58CD739122A046CA00775388 /* Release */,
			);
			defaultConfigurationIsVisible = 0;
			defaultConfigurationName = Release;
		};
/* End XCConfigurationList section */
	};
	rootObject = 58CD737522A046C900775388 /* Project object */;
}
